
Microsoft Visual Studio Solution File, Format Version 12.00
# Visual Studio Version 16
VisualStudioVersion = 16.0.31019.35
MinimumVisualStudioVersion = 10.0.40219.1
Project("{FAE04EC0-301F-11D3-BF4B-00C04F79EFBC}") = "ApiPokemon", "ApiPokemon\ApiPokemon.csproj", "{66B50BCB-FCD4-4ABC-9C77-D232ECD071A5}"
EndProject
Global
	GlobalSection(SolutionConfigurationPlatforms) = preSolution
		Debug|Any CPU = Debug|Any CPU
		Release|Any CPU = Release|Any CPU
	EndGlobalSection
	GlobalSection(ProjectConfigurationPlatforms) = postSolution
		{66B50BCB-FCD4-4ABC-9C77-D232ECD071A5}.Debug|Any CPU.ActiveCfg = Debug|Any CPU
		{66B50BCB-FCD4-4ABC-9C77-D232ECD071A5}.Debug|Any CPU.Build.0 = Debug|Any CPU
		{66B50BCB-FCD4-4ABC-9C77-D232ECD071A5}.Release|Any CPU.ActiveCfg = Release|Any CPU
		{66B50BCB-FCD4-4ABC-9C77-D232ECD071A5}.Release|Any CPU.Build.0 = Release|Any CPU
	EndGlobalSection
	GlobalSection(SolutionProperties) = preSolution
		HideSolutionNode = FALSE
	EndGlobalSection
	GlobalSection(ExtensibilityGlobals) = postSolution
		SolutionGuid = {C1D47E96-E0BD-47CE-8AAB-B8D1C8A2EED9}
	EndGlobalSection
EndGlobal
